// !$*UTF8*$!
{
	archiveVersion = 1;
	classes = {
	};
	objectVersion = 46;
	objects = {

/* Begin PBXBuildFile section */
		70328069F1CF2867EF3DC592 /* Pods_ArtisticoTests.framework in Frameworks */ = {isa = PBXBuildFile; fileRef = 112D64C08A97D87A5D5F0813 /* Pods_ArtisticoTests.framework */; };
		DBF86A762E532BD44317943A /* Pods_Artistico.framework in Frameworks */ = {isa = PBXBuildFile; fileRef = 87E179A4D7A77E01D51E32ED /* Pods_Artistico.framework */; };
		E106CFCF1DE71BA300B24FCA /* RootJSON.swift in Sources */ = {isa = PBXBuildFile; fileRef = E106CFCE1DE71BA300B24FCA /* RootJSON.swift */; };
		E10FE3121DE07BD600F55D57 /* Gradiant.swift in Sources */ = {isa = PBXBuildFile; fileRef = E10FE3111DE07BD600F55D57 /* Gradiant.swift */; };
		E10FE3141DE0B0C100F55D57 /* LoginTableViewCell.swift in Sources */ = {isa = PBXBuildFile; fileRef = E10FE3131DE0B0C100F55D57 /* LoginTableViewCell.swift */; };
		E10FE3161DE0B9C900F55D57 /* Constants.swift in Sources */ = {isa = PBXBuildFile; fileRef = E10FE3151DE0B9C900F55D57 /* Constants.swift */; };
		E15338811DEC06D000D6ECDD /* UITableView.swift in Sources */ = {isa = PBXBuildFile; fileRef = E15338801DEC06D000D6ECDD /* UITableView.swift */; };
		E15338831DEC070100D6ECDD /* String.swift in Sources */ = {isa = PBXBuildFile; fileRef = E15338821DEC070100D6ECDD /* String.swift */; };
		E15338851DEC075E00D6ECDD /* UIColor.swift in Sources */ = {isa = PBXBuildFile; fileRef = E15338841DEC075E00D6ECDD /* UIColor.swift */; };
		E15338881DEC07E700D6ECDD /* MainViewController.swift in Sources */ = {isa = PBXBuildFile; fileRef = E15338861DEC07E700D6ECDD /* MainViewController.swift */; };
		E15338891DEC07E700D6ECDD /* SlideMenuController.swift in Sources */ = {isa = PBXBuildFile; fileRef = E15338871DEC07E700D6ECDD /* SlideMenuController.swift */; };
		E153388B1DEC08C600D6ECDD /* RootViewController.swift in Sources */ = {isa = PBXBuildFile; fileRef = E153388A1DEC08C600D6ECDD /* RootViewController.swift */; };
		E153388D1DEC0B5C00D6ECDD /* LeftViewController.swift in Sources */ = {isa = PBXBuildFile; fileRef = E153388C1DEC0B5C00D6ECDD /* LeftViewController.swift */; };
		E153388F1DEC0E5B00D6ECDD /* BaseTableViewCell.swift in Sources */ = {isa = PBXBuildFile; fileRef = E153388E1DEC0E5B00D6ECDD /* BaseTableViewCell.swift */; };
		E15338921DEC106800D6ECDD /* HelpViewController.swift in Sources */ = {isa = PBXBuildFile; fileRef = E15338911DEC106800D6ECDD /* HelpViewController.swift */; };
		E15338941DEC10D000D6ECDD /* UIViewController.swift in Sources */ = {isa = PBXBuildFile; fileRef = E15338931DEC10D000D6ECDD /* UIViewController.swift */; };
		E15338981DEC116600D6ECDD /* ProfileSettingViewController.swift in Sources */ = {isa = PBXBuildFile; fileRef = E15338971DEC116600D6ECDD /* ProfileSettingViewController.swift */; };
		E153389B1DEC12C700D6ECDD /* NonMenuController.swift in Sources */ = {isa = PBXBuildFile; fileRef = E153389A1DEC12C700D6ECDD /* NonMenuController.swift */; };
		E153389D1DEC2C8500D6ECDD /* UIApplication.swift in Sources */ = {isa = PBXBuildFile; fileRef = E153389C1DEC2C8500D6ECDD /* UIApplication.swift */; };
		E153389F1DEECA6700D6ECDD /* GoogleService-Info.plist in Resources */ = {isa = PBXBuildFile; fileRef = E153389E1DEECA6700D6ECDD /* GoogleService-Info.plist */; };
		E1584C631DF5778D00F927C4 /* RegisterNewUserViewController.swift in Sources */ = {isa = PBXBuildFile; fileRef = E1584C621DF5778D00F927C4 /* RegisterNewUserViewController.swift */; };
		E1584C651DF6A6B300F927C4 /* ReusableTableViewCell.swift in Sources */ = {isa = PBXBuildFile; fileRef = E1584C641DF6A6B300F927C4 /* ReusableTableViewCell.swift */; };
		E18FB69B1DD990A70056004F /* AppDelegate.swift in Sources */ = {isa = PBXBuildFile; fileRef = E18FB69A1DD990A70056004F /* AppDelegate.swift */; };
		E18FB6A01DD990A70056004F /* Main.storyboard in Resources */ = {isa = PBXBuildFile; fileRef = E18FB69E1DD990A70056004F /* Main.storyboard */; };
		E18FB6A31DD990A70056004F /* Artistico.xcdatamodeld in Sources */ = {isa = PBXBuildFile; fileRef = E18FB6A11DD990A70056004F /* Artistico.xcdatamodeld */; };
		E18FB6A51DD990A70056004F /* Assets.xcassets in Resources */ = {isa = PBXBuildFile; fileRef = E18FB6A41DD990A70056004F /* Assets.xcassets */; };
		E18FB6A81DD990A70056004F /* LaunchScreen.storyboard in Resources */ = {isa = PBXBuildFile; fileRef = E18FB6A61DD990A70056004F /* LaunchScreen.storyboard */; };
		E18FB6B31DD990A70056004F /* ArtisticoTests.swift in Sources */ = {isa = PBXBuildFile; fileRef = E18FB6B21DD990A70056004F /* ArtisticoTests.swift */; };
		E18FB6C21DD9954A0056004F /* LoginViewController.swift in Sources */ = {isa = PBXBuildFile; fileRef = E18FB6C11DD9954A0056004F /* LoginViewController.swift */; };
		E18FB6C41DD995740056004F /* LoginView.swift in Sources */ = {isa = PBXBuildFile; fileRef = E18FB6C31DD995740056004F /* LoginView.swift */; };
		E1E0FF151DE4552500CA89B5 /* AccountManager.swift in Sources */ = {isa = PBXBuildFile; fileRef = E1E0FF141DE4552500CA89B5 /* AccountManager.swift */; };
		E1E0FF181DE455BB00CA89B5 /* User.swift in Sources */ = {isa = PBXBuildFile; fileRef = E1E0FF171DE455BB00CA89B5 /* User.swift */; };
		E1E0FF1B1DE456BA00CA89B5 /* HTTPRestClient.swift in Sources */ = {isa = PBXBuildFile; fileRef = E1E0FF1A1DE456BA00CA89B5 /* HTTPRestClient.swift */; };
		E1E0FF1D1DE45C1E00CA89B5 /* UserRouter.swift in Sources */ = {isa = PBXBuildFile; fileRef = E1E0FF1C1DE45C1E00CA89B5 /* UserRouter.swift */; };
/* End PBXBuildFile section */

/* Begin PBXContainerItemProxy section */
		E18FB6AF1DD990A70056004F /* PBXContainerItemProxy */ = {
			isa = PBXContainerItemProxy;
			containerPortal = E18FB68F1DD990A70056004F /* Project object */;
			proxyType = 1;
			remoteGlobalIDString = E18FB6961DD990A70056004F;
			remoteInfo = Artistico;
		};
/* End PBXContainerItemProxy section */

/* Begin PBXFileReference section */
		112D64C08A97D87A5D5F0813 /* Pods_ArtisticoTests.framework */ = {isa = PBXFileReference; explicitFileType = wrapper.framework; includeInIndex = 0; path = Pods_ArtisticoTests.framework; sourceTree = BUILT_PRODUCTS_DIR; };
		16C46A9AE6231A034F7C25C5 /* Pods-Artistico.debug.xcconfig */ = {isa = PBXFileReference; includeInIndex = 1; lastKnownFileType = text.xcconfig; name = "Pods-Artistico.debug.xcconfig"; path = "Pods/Target Support Files/Pods-Artistico/Pods-Artistico.debug.xcconfig"; sourceTree = "<group>"; };
		72EB938547D59230101F4B35 /* Pods-ArtisticoTests.debug.xcconfig */ = {isa = PBXFileReference; includeInIndex = 1; lastKnownFileType = text.xcconfig; name = "Pods-ArtisticoTests.debug.xcconfig"; path = "Pods/Target Support Files/Pods-ArtisticoTests/Pods-ArtisticoTests.debug.xcconfig"; sourceTree = "<group>"; };
		87E179A4D7A77E01D51E32ED /* Pods_Artistico.framework */ = {isa = PBXFileReference; explicitFileType = wrapper.framework; includeInIndex = 0; path = Pods_Artistico.framework; sourceTree = BUILT_PRODUCTS_DIR; };
		AB1CFCCCEF2DC5B3D09DAE7C /* Pods-ArtisticoTests.release.xcconfig */ = {isa = PBXFileReference; includeInIndex = 1; lastKnownFileType = text.xcconfig; name = "Pods-ArtisticoTests.release.xcconfig"; path = "Pods/Target Support Files/Pods-ArtisticoTests/Pods-ArtisticoTests.release.xcconfig"; sourceTree = "<group>"; };
		C9FCDD8A72BE59DEBD8A8494 /* Pods-Artistico.release.xcconfig */ = {isa = PBXFileReference; includeInIndex = 1; lastKnownFileType = text.xcconfig; name = "Pods-Artistico.release.xcconfig"; path = "Pods/Target Support Files/Pods-Artistico/Pods-Artistico.release.xcconfig"; sourceTree = "<group>"; };
		E106CFCE1DE71BA300B24FCA /* RootJSON.swift */ = {isa = PBXFileReference; fileEncoding = 4; lastKnownFileType = sourcecode.swift; path = RootJSON.swift; sourceTree = "<group>"; };
		E10FE3111DE07BD600F55D57 /* Gradiant.swift */ = {isa = PBXFileReference; fileEncoding = 4; lastKnownFileType = sourcecode.swift; name = Gradiant.swift; path = utility/Gradiant.swift; sourceTree = SOURCE_ROOT; };
		E10FE3131DE0B0C100F55D57 /* LoginTableViewCell.swift */ = {isa = PBXFileReference; fileEncoding = 4; lastKnownFileType = sourcecode.swift; name = LoginTableViewCell.swift; path = Login/LoginTableViewCell.swift; sourceTree = SOURCE_ROOT; };
		E10FE3151DE0B9C900F55D57 /* Constants.swift */ = {isa = PBXFileReference; fileEncoding = 4; lastKnownFileType = sourcecode.swift; path = Constants.swift; sourceTree = SOURCE_ROOT; };
		E15338801DEC06D000D6ECDD /* UITableView.swift */ = {isa = PBXFileReference; fileEncoding = 4; lastKnownFileType = sourcecode.swift; name = UITableView.swift; path = utility/extension/UITableView.swift; sourceTree = SOURCE_ROOT; };
		E15338821DEC070100D6ECDD /* String.swift */ = {isa = PBXFileReference; fileEncoding = 4; lastKnownFileType = sourcecode.swift; name = String.swift; path = utility/extension/String.swift; sourceTree = SOURCE_ROOT; };
		E15338841DEC075E00D6ECDD /* UIColor.swift */ = {isa = PBXFileReference; fileEncoding = 4; lastKnownFileType = sourcecode.swift; name = UIColor.swift; path = utility/extension/UIColor.swift; sourceTree = SOURCE_ROOT; };
		E15338861DEC07E700D6ECDD /* MainViewController.swift */ = {isa = PBXFileReference; fileEncoding = 4; lastKnownFileType = sourcecode.swift; name = MainViewController.swift; path = home/MainViewController.swift; sourceTree = "<group>"; };
		E15338871DEC07E700D6ECDD /* SlideMenuController.swift */ = {isa = PBXFileReference; fileEncoding = 4; lastKnownFileType = sourcecode.swift; name = SlideMenuController.swift; path = home/SlideMenuController.swift; sourceTree = "<group>"; };
		E153388A1DEC08C600D6ECDD /* RootViewController.swift */ = {isa = PBXFileReference; fileEncoding = 4; lastKnownFileType = sourcecode.swift; name = RootViewController.swift; path = home/RootViewController.swift; sourceTree = "<group>"; };
		E153388C1DEC0B5C00D6ECDD /* LeftViewController.swift */ = {isa = PBXFileReference; fileEncoding = 4; lastKnownFileType = sourcecode.swift; name = LeftViewController.swift; path = home/LeftViewController.swift; sourceTree = "<group>"; };
		E153388E1DEC0E5B00D6ECDD /* BaseTableViewCell.swift */ = {isa = PBXFileReference; fileEncoding = 4; lastKnownFileType = sourcecode.swift; name = BaseTableViewCell.swift; path = home/BaseTableViewCell.swift; sourceTree = "<group>"; };
		E15338911DEC106800D6ECDD /* HelpViewController.swift */ = {isa = PBXFileReference; fileEncoding = 4; lastKnownFileType = sourcecode.swift; name = HelpViewController.swift; path = BusinessModules/Help/HelpViewController.swift; sourceTree = "<group>"; };
		E15338931DEC10D000D6ECDD /* UIViewController.swift */ = {isa = PBXFileReference; fileEncoding = 4; lastKnownFileType = sourcecode.swift; name = UIViewController.swift; path = utility/extension/UIViewController.swift; sourceTree = SOURCE_ROOT; };
		E15338971DEC116600D6ECDD /* ProfileSettingViewController.swift */ = {isa = PBXFileReference; fileEncoding = 4; lastKnownFileType = sourcecode.swift; name = ProfileSettingViewController.swift; path = BusinessModules/profile/ProfileSettingViewController.swift; sourceTree = "<group>"; };
		E153389A1DEC12C700D6ECDD /* NonMenuController.swift */ = {isa = PBXFileReference; fileEncoding = 4; lastKnownFileType = sourcecode.swift; name = NonMenuController.swift; path = BusinessModules/NonMenuController.swift; sourceTree = "<group>"; };
		E153389C1DEC2C8500D6ECDD /* UIApplication.swift */ = {isa = PBXFileReference; fileEncoding = 4; lastKnownFileType = sourcecode.swift; name = UIApplication.swift; path = utility/extension/UIApplication.swift; sourceTree = SOURCE_ROOT; };
		E153389E1DEECA6700D6ECDD /* GoogleService-Info.plist */ = {isa = PBXFileReference; fileEncoding = 4; lastKnownFileType = text.plist.xml; path = "GoogleService-Info.plist"; sourceTree = "<group>"; };
		E1584C621DF5778D00F927C4 /* RegisterNewUserViewController.swift */ = {isa = PBXFileReference; fileEncoding = 4; lastKnownFileType = sourcecode.swift; name = RegisterNewUserViewController.swift; path = Login/RegisterNewUserViewController.swift; sourceTree = SOURCE_ROOT; };
		E1584C641DF6A6B300F927C4 /* ReusableTableViewCell.swift */ = {isa = PBXFileReference; fileEncoding = 4; lastKnownFileType = sourcecode.swift; name = ReusableTableViewCell.swift; path = Login/ReusableTableViewCell.swift; sourceTree = SOURCE_ROOT; };
		E167AC041DEEEA7E005F3533 /* Artistico.entitlements */ = {isa = PBXFileReference; lastKnownFileType = text.plist.entitlements; path = Artistico.entitlements; sourceTree = "<group>"; };
		E18FB6971DD990A70056004F /* Artistico.app */ = {isa = PBXFileReference; explicitFileType = wrapper.application; includeInIndex = 0; path = Artistico.app; sourceTree = BUILT_PRODUCTS_DIR; };
		E18FB69A1DD990A70056004F /* AppDelegate.swift */ = {isa = PBXFileReference; lastKnownFileType = sourcecode.swift; path = AppDelegate.swift; sourceTree = "<group>"; };
		E18FB69F1DD990A70056004F /* Base */ = {isa = PBXFileReference; lastKnownFileType = file.storyboard; name = Base; path = Base.lproj/Main.storyboard; sourceTree = "<group>"; };
		E18FB6A21DD990A70056004F /* Artistico.xcdatamodel */ = {isa = PBXFileReference; lastKnownFileType = wrapper.xcdatamodel; path = Artistico.xcdatamodel; sourceTree = "<group>"; };
		E18FB6A41DD990A70056004F /* Assets.xcassets */ = {isa = PBXFileReference; lastKnownFileType = folder.assetcatalog; path = Assets.xcassets; sourceTree = "<group>"; };
		E18FB6A71DD990A70056004F /* Base */ = {isa = PBXFileReference; lastKnownFileType = file.storyboard; name = Base; path = Base.lproj/LaunchScreen.storyboard; sourceTree = "<group>"; };
		E18FB6A91DD990A70056004F /* Info.plist */ = {isa = PBXFileReference; lastKnownFileType = text.plist.xml; path = Info.plist; sourceTree = "<group>"; };
		E18FB6AE1DD990A70056004F /* ArtisticoTests.xctest */ = {isa = PBXFileReference; explicitFileType = wrapper.cfbundle; includeInIndex = 0; path = ArtisticoTests.xctest; sourceTree = BUILT_PRODUCTS_DIR; };
		E18FB6B21DD990A70056004F /* ArtisticoTests.swift */ = {isa = PBXFileReference; lastKnownFileType = sourcecode.swift; path = ArtisticoTests.swift; sourceTree = "<group>"; };
		E18FB6B41DD990A70056004F /* Info.plist */ = {isa = PBXFileReference; lastKnownFileType = text.plist.xml; path = Info.plist; sourceTree = "<group>"; };
		E18FB6C11DD9954A0056004F /* LoginViewController.swift */ = {isa = PBXFileReference; fileEncoding = 4; lastKnownFileType = sourcecode.swift; name = LoginViewController.swift; path = Login/LoginViewController.swift; sourceTree = SOURCE_ROOT; };
		E18FB6C31DD995740056004F /* LoginView.swift */ = {isa = PBXFileReference; fileEncoding = 4; lastKnownFileType = sourcecode.swift; name = LoginView.swift; path = Login/LoginView.swift; sourceTree = SOURCE_ROOT; };
		E1E0FF141DE4552500CA89B5 /* AccountManager.swift */ = {isa = PBXFileReference; fileEncoding = 4; lastKnownFileType = sourcecode.swift; path = AccountManager.swift; sourceTree = "<group>"; };
		E1E0FF171DE455BB00CA89B5 /* User.swift */ = {isa = PBXFileReference; fileEncoding = 4; lastKnownFileType = sourcecode.swift; path = User.swift; sourceTree = "<group>"; };
		E1E0FF1A1DE456BA00CA89B5 /* HTTPRestClient.swift */ = {isa = PBXFileReference; fileEncoding = 4; lastKnownFileType = sourcecode.swift; path = HTTPRestClient.swift; sourceTree = "<group>"; };
		E1E0FF1C1DE45C1E00CA89B5 /* UserRouter.swift */ = {isa = PBXFileReference; fileEncoding = 4; lastKnownFileType = sourcecode.swift; path = UserRouter.swift; sourceTree = "<group>"; };
/* End PBXFileReference section */

/* Begin PBXFrameworksBuildPhase section */
		E18FB6941DD990A70056004F /* Frameworks */ = {
			isa = PBXFrameworksBuildPhase;
			buildActionMask = 2147483647;
			files = (
				DBF86A762E532BD44317943A /* Pods_Artistico.framework in Frameworks */,
			);
			runOnlyForDeploymentPostprocessing = 0;
		};
		E18FB6AB1DD990A70056004F /* Frameworks */ = {
			isa = PBXFrameworksBuildPhase;
			buildActionMask = 2147483647;
			files = (
				70328069F1CF2867EF3DC592 /* Pods_ArtisticoTests.framework in Frameworks */,
			);
			runOnlyForDeploymentPostprocessing = 0;
		};
/* End PBXFrameworksBuildPhase section */

/* Begin PBXGroup section */
		3D57BC3A657837BCB8F4B093 /* Pods */ = {
			isa = PBXGroup;
			children = (
				16C46A9AE6231A034F7C25C5 /* Pods-Artistico.debug.xcconfig */,
				C9FCDD8A72BE59DEBD8A8494 /* Pods-Artistico.release.xcconfig */,
				72EB938547D59230101F4B35 /* Pods-ArtisticoTests.debug.xcconfig */,
				AB1CFCCCEF2DC5B3D09DAE7C /* Pods-ArtisticoTests.release.xcconfig */,
			);
			name = Pods;
			sourceTree = "<group>";
		};
		90AC9442261A51AB2CE9117A /* Frameworks */ = {
			isa = PBXGroup;
			children = (
				87E179A4D7A77E01D51E32ED /* Pods_Artistico.framework */,
				112D64C08A97D87A5D5F0813 /* Pods_ArtisticoTests.framework */,
			);
			name = Frameworks;
			sourceTree = "<group>";
		};
		E106CFD01DE836DD00B24FCA /* Home */ = {
			isa = PBXGroup;
			children = (
				E153388E1DEC0E5B00D6ECDD /* BaseTableViewCell.swift */,
				E153388C1DEC0B5C00D6ECDD /* LeftViewController.swift */,
				E153388A1DEC08C600D6ECDD /* RootViewController.swift */,
				E15338861DEC07E700D6ECDD /* MainViewController.swift */,
				E15338871DEC07E700D6ECDD /* SlideMenuController.swift */,
			);
			name = Home;
			sourceTree = "<group>";
		};
		E10FE3101DE07B1100F55D57 /* utility */ = {
			isa = PBXGroup;
			children = (
				E153387F1DEC067600D6ECDD /* Extensions */,
				E10FE3111DE07BD600F55D57 /* Gradiant.swift */,
				E10FE3151DE0B9C900F55D57 /* Constants.swift */,
			);
			name = utility;
			sourceTree = "<group>";
		};
		E153387F1DEC067600D6ECDD /* Extensions */ = {
			isa = PBXGroup;
			children = (
				E153389C1DEC2C8500D6ECDD /* UIApplication.swift */,
				E15338931DEC10D000D6ECDD /* UIViewController.swift */,
				E15338841DEC075E00D6ECDD /* UIColor.swift */,
				E15338821DEC070100D6ECDD /* String.swift */,
				E15338801DEC06D000D6ECDD /* UITableView.swift */,
			);
			name = Extensions;
			sourceTree = "<group>";
		};
		E15338901DEC0FCF00D6ECDD /* businessModule */ = {
			isa = PBXGroup;
			children = (
				E15338991DEC12A300D6ECDD /* nonMenuVC */,
				E15338961DEC111C00D6ECDD /* Profile */,
				E15338951DEC110B00D6ECDD /* Help */,
			);
			name = businessModule;
			sourceTree = "<group>";
		};
		E15338951DEC110B00D6ECDD /* Help */ = {
			isa = PBXGroup;
			children = (
				E15338911DEC106800D6ECDD /* HelpViewController.swift */,
			);
			name = Help;
			sourceTree = "<group>";
		};
		E15338961DEC111C00D6ECDD /* Profile */ = {
			isa = PBXGroup;
			children = (
				E1584C611DF5773600F927C4 /* RegisterUser */,
				E15338971DEC116600D6ECDD /* ProfileSettingViewController.swift */,
				E1584C641DF6A6B300F927C4 /* ReusableTableViewCell.swift */,
			);
			name = Profile;
			sourceTree = "<group>";
		};
		E15338991DEC12A300D6ECDD /* nonMenuVC */ = {
			isa = PBXGroup;
			children = (
				E153389A1DEC12C700D6ECDD /* NonMenuController.swift */,
			);
			name = nonMenuVC;
			sourceTree = "<group>";
		};
		E1584C611DF5773600F927C4 /* RegisterUser */ = {
			isa = PBXGroup;
			children = (
				E1584C621DF5778D00F927C4 /* RegisterNewUserViewController.swift */,
			);
			name = RegisterUser;
			sourceTree = "<group>";
		};
		E167ABFF1DEEDD1A005F3533 /* Firebase */ = {
			isa = PBXGroup;
			children = (
				E153389E1DEECA6700D6ECDD /* GoogleService-Info.plist */,
			);
			name = Firebase;
			sourceTree = "<group>";
		};
		E18FB68E1DD990A70056004F = {
			isa = PBXGroup;
			children = (
				E18FB6991DD990A70056004F /* Artistico */,
				E18FB6B11DD990A70056004F /* ArtisticoTests */,
				E18FB6981DD990A70056004F /* Products */,
				3D57BC3A657837BCB8F4B093 /* Pods */,
				90AC9442261A51AB2CE9117A /* Frameworks */,
			);
			sourceTree = "<group>";
		};
		E18FB6981DD990A70056004F /* Products */ = {
			isa = PBXGroup;
			children = (
				E18FB6971DD990A70056004F /* Artistico.app */,
				E18FB6AE1DD990A70056004F /* ArtisticoTests.xctest */,
			);
			name = Products;
			sourceTree = "<group>";
		};
		E18FB6991DD990A70056004F /* Artistico */ = {
			isa = PBXGroup;
			children = (
				E167AC041DEEEA7E005F3533 /* Artistico.entitlements */,
				E15338901DEC0FCF00D6ECDD /* businessModule */,
				E106CFD01DE836DD00B24FCA /* Home */,
				E1E0FF191DE4569A00CA89B5 /* Network */,
				E1E0FF161DE4557100CA89B5 /* Account */,
				E1E0FF131DE4538300CA89B5 /* Model */,
				E10FE3101DE07B1100F55D57 /* utility */,
				E18FB6BE1DD9919F0056004F /* login */,
				E18FB6BD1DD991820056004F /* appBase */,
				E167ABFF1DEEDD1A005F3533 /* Firebase */,
				E18FB6A41DD990A70056004F /* Assets.xcassets */,
				E18FB6A61DD990A70056004F /* LaunchScreen.storyboard */,
				E18FB6A91DD990A70056004F /* Info.plist */,
				E18FB6A11DD990A70056004F /* Artistico.xcdatamodeld */,
			);
			path = Artistico;
			sourceTree = "<group>";
		};
		E18FB6B11DD990A70056004F /* ArtisticoTests */ = {
			isa = PBXGroup;
			children = (
				E18FB6B21DD990A70056004F /* ArtisticoTests.swift */,
				E18FB6B41DD990A70056004F /* Info.plist */,
			);
			path = ArtisticoTests;
			sourceTree = "<group>";
		};
		E18FB6BD1DD991820056004F /* appBase */ = {
			isa = PBXGroup;
			children = (
				E18FB69A1DD990A70056004F /* AppDelegate.swift */,
				E18FB69E1DD990A70056004F /* Main.storyboard */,
			);
			name = appBase;
			sourceTree = "<group>";
		};
		E18FB6BE1DD9919F0056004F /* login */ = {
			isa = PBXGroup;
			children = (
				E18FB6C11DD9954A0056004F /* LoginViewController.swift */,
				E18FB6C31DD995740056004F /* LoginView.swift */,
				E10FE3131DE0B0C100F55D57 /* LoginTableViewCell.swift */,
			);
			name = login;
			sourceTree = "<group>";
		};
		E1E0FF131DE4538300CA89B5 /* Model */ = {
			isa = PBXGroup;
			children = (
				E1E0FF171DE455BB00CA89B5 /* User.swift */,
				E106CFCE1DE71BA300B24FCA /* RootJSON.swift */,
			);
			name = Model;
			sourceTree = "<group>";
		};
		E1E0FF161DE4557100CA89B5 /* Account */ = {
			isa = PBXGroup;
			children = (
				E1E0FF141DE4552500CA89B5 /* AccountManager.swift */,
			);
			name = Account;
			sourceTree = "<group>";
		};
		E1E0FF191DE4569A00CA89B5 /* Network */ = {
			isa = PBXGroup;
			children = (
				E1E0FF1A1DE456BA00CA89B5 /* HTTPRestClient.swift */,
				E1E0FF1C1DE45C1E00CA89B5 /* UserRouter.swift */,
			);
			name = Network;
			sourceTree = "<group>";
		};
/* End PBXGroup section */

/* Begin PBXNativeTarget section */
		E18FB6961DD990A70056004F /* Artistico */ = {
			isa = PBXNativeTarget;
			buildConfigurationList = E18FB6B71DD990A70056004F /* Build configuration list for PBXNativeTarget "Artistico" */;
			buildPhases = (
				9EE690C7CF7B2F4A153E20BD /* [CP] Check Pods Manifest.lock */,
				E18FB6931DD990A70056004F /* Sources */,
				E18FB6941DD990A70056004F /* Frameworks */,
				E18FB6951DD990A70056004F /* Resources */,
				9CFF11F0C390879E2904588B /* [CP] Embed Pods Frameworks */,
				10DF43DBCC7E7B7838ABDED6 /* [CP] Copy Pods Resources */,
			);
			buildRules = (
			);
			dependencies = (
			);
			name = Artistico;
			productName = Artistico;
			productReference = E18FB6971DD990A70056004F /* Artistico.app */;
			productType = "com.apple.product-type.application";
		};
		E18FB6AD1DD990A70056004F /* ArtisticoTests */ = {
			isa = PBXNativeTarget;
			buildConfigurationList = E18FB6BA1DD990A70056004F /* Build configuration list for PBXNativeTarget "ArtisticoTests" */;
			buildPhases = (
				C39515F31A2A93620C9CC5CA /* [CP] Check Pods Manifest.lock */,
				E18FB6AA1DD990A70056004F /* Sources */,
				E18FB6AB1DD990A70056004F /* Frameworks */,
				E18FB6AC1DD990A70056004F /* Resources */,
				381FA44FEAFC19AB19337B85 /* [CP] Embed Pods Frameworks */,
				AE9CF216C8DAE8714809DF29 /* [CP] Copy Pods Resources */,
			);
			buildRules = (
			);
			dependencies = (
				E18FB6B01DD990A70056004F /* PBXTargetDependency */,
			);
			name = ArtisticoTests;
			productName = ArtisticoTests;
			productReference = E18FB6AE1DD990A70056004F /* ArtisticoTests.xctest */;
			productType = "com.apple.product-type.bundle.unit-test";
		};
/* End PBXNativeTarget section */

/* Begin PBXProject section */
		E18FB68F1DD990A70056004F /* Project object */ = {
			isa = PBXProject;
			attributes = {
				LastSwiftUpdateCheck = 0810;
				LastUpgradeCheck = 0810;
				ORGANIZATIONNAME = kaushal;
				TargetAttributes = {
					E18FB6961DD990A70056004F = {
						CreatedOnToolsVersion = 8.1;
						DevelopmentTeam = 5BG2HHAW9A;
						ProvisioningStyle = Automatic;
						SystemCapabilities = {
							com.apple.Keychain = {
								enabled = 1;
							};
						};
					};
					E18FB6AD1DD990A70056004F = {
						CreatedOnToolsVersion = 8.1;
						ProvisioningStyle = Automatic;
						TestTargetID = E18FB6961DD990A70056004F;
					};
				};
			};
			buildConfigurationList = E18FB6921DD990A70056004F /* Build configuration list for PBXProject "Artistico" */;
			compatibilityVersion = "Xcode 3.2";
			developmentRegion = English;
			hasScannedForEncodings = 0;
			knownRegions = (
				en,
				Base,
			);
			mainGroup = E18FB68E1DD990A70056004F;
			productRefGroup = E18FB6981DD990A70056004F /* Products */;
			projectDirPath = "";
			projectRoot = "";
			targets = (
				E18FB6961DD990A70056004F /* Artistico */,
				E18FB6AD1DD990A70056004F /* ArtisticoTests */,
			);
		};
/* End PBXProject section */

/* Begin PBXResourcesBuildPhase section */
		E18FB6951DD990A70056004F /* Resources */ = {
			isa = PBXResourcesBuildPhase;
			buildActionMask = 2147483647;
			files = (
				E18FB6A81DD990A70056004F /* LaunchScreen.storyboard in Resources */,
				E153389F1DEECA6700D6ECDD /* GoogleService-Info.plist in Resources */,
				E18FB6A51DD990A70056004F /* Assets.xcassets in Resources */,
				E18FB6A01DD990A70056004F /* Main.storyboard in Resources */,
			);
			runOnlyForDeploymentPostprocessing = 0;
		};
		E18FB6AC1DD990A70056004F /* Resources */ = {
			isa = PBXResourcesBuildPhase;
			buildActionMask = 2147483647;
			files = (
			);
			runOnlyForDeploymentPostprocessing = 0;
		};
/* End PBXResourcesBuildPhase section */

/* Begin PBXShellScriptBuildPhase section */
		10DF43DBCC7E7B7838ABDED6 /* [CP] Copy Pods Resources */ = {
			isa = PBXShellScriptBuildPhase;
			buildActionMask = 2147483647;
			files = (
			);
			inputPaths = (
			);
			name = "[CP] Copy Pods Resources";
			outputPaths = (
			);
			runOnlyForDeploymentPostprocessing = 0;
			shellPath = /bin/sh;
			shellScript = "\"${SRCROOT}/Pods/Target Support Files/Pods-Artistico/Pods-Artistico-resources.sh\"\n";
			showEnvVarsInLog = 0;
		};
		381FA44FEAFC19AB19337B85 /* [CP] Embed Pods Frameworks */ = {
			isa = PBXShellScriptBuildPhase;
			buildActionMask = 2147483647;
			files = (
			);
			inputPaths = (
			);
			name = "[CP] Embed Pods Frameworks";
			outputPaths = (
			);
			runOnlyForDeploymentPostprocessing = 0;
			shellPath = /bin/sh;
			shellScript = "\"${SRCROOT}/Pods/Target Support Files/Pods-ArtisticoTests/Pods-ArtisticoTests-frameworks.sh\"\n";
			showEnvVarsInLog = 0;
		};
		9CFF11F0C390879E2904588B /* [CP] Embed Pods Frameworks */ = {
			isa = PBXShellScriptBuildPhase;
			buildActionMask = 2147483647;
			files = (
			);
			inputPaths = (
			);
			name = "[CP] Embed Pods Frameworks";
			outputPaths = (
			);
			runOnlyForDeploymentPostprocessing = 0;
			shellPath = /bin/sh;
			shellScript = "\"${SRCROOT}/Pods/Target Support Files/Pods-Artistico/Pods-Artistico-frameworks.sh\"\n";
			showEnvVarsInLog = 0;
		};
		9EE690C7CF7B2F4A153E20BD /* [CP] Check Pods Manifest.lock */ = {
			isa = PBXShellScriptBuildPhase;
			buildActionMask = 2147483647;
			files = (
			);
			inputPaths = (
			);
			name = "[CP] Check Pods Manifest.lock";
			outputPaths = (
			);
			runOnlyForDeploymentPostprocessing = 0;
			shellPath = /bin/sh;
			shellScript = "diff \"${PODS_ROOT}/../Podfile.lock\" \"${PODS_ROOT}/Manifest.lock\" > /dev/null\nif [ $? != 0 ] ; then\n    # print error to STDERR\n    echo \"error: The sandbox is not in sync with the Podfile.lock. Run 'pod install' or update your CocoaPods installation.\" >&2\n    exit 1\nfi\n";
			showEnvVarsInLog = 0;
		};
		AE9CF216C8DAE8714809DF29 /* [CP] Copy Pods Resources */ = {
			isa = PBXShellScriptBuildPhase;
			buildActionMask = 2147483647;
			files = (
			);
			inputPaths = (
			);
			name = "[CP] Copy Pods Resources";
			outputPaths = (
			);
			runOnlyForDeploymentPostprocessing = 0;
			shellPath = /bin/sh;
			shellScript = "\"${SRCROOT}/Pods/Target Support Files/Pods-ArtisticoTests/Pods-ArtisticoTests-resources.sh\"\n";
			showEnvVarsInLog = 0;
		};
		C39515F31A2A93620C9CC5CA /* [CP] Check Pods Manifest.lock */ = {
			isa = PBXShellScriptBuildPhase;
			buildActionMask = 2147483647;
			files = (
			);
			inputPaths = (
			);
			name = "[CP] Check Pods Manifest.lock";
			outputPaths = (
			);
			runOnlyForDeploymentPostprocessing = 0;
			shellPath = /bin/sh;
			shellScript = "diff \"${PODS_ROOT}/../Podfile.lock\" \"${PODS_ROOT}/Manifest.lock\" > /dev/null\nif [ $? != 0 ] ; then\n    # print error to STDERR\n    echo \"error: The sandbox is not in sync with the Podfile.lock. Run 'pod install' or update your CocoaPods installation.\" >&2\n    exit 1\nfi\n";
			showEnvVarsInLog = 0;
		};
/* End PBXShellScriptBuildPhase section */

/* Begin PBXSourcesBuildPhase section */
		E18FB6931DD990A70056004F /* Sources */ = {
			isa = PBXSourcesBuildPhase;
			buildActionMask = 2147483647;
			files = (
				E15338981DEC116600D6ECDD /* ProfileSettingViewController.swift in Sources */,
				E18FB6C21DD9954A0056004F /* LoginViewController.swift in Sources */,
				E18FB6A31DD990A70056004F /* Artistico.xcdatamodeld in Sources */,
				E1584C631DF5778D00F927C4 /* RegisterNewUserViewController.swift in Sources */,
				E153389D1DEC2C8500D6ECDD /* UIApplication.swift in Sources */,
				E153388B1DEC08C600D6ECDD /* RootViewController.swift in Sources */,
				E15338811DEC06D000D6ECDD /* UITableView.swift in Sources */,
				E10FE3141DE0B0C100F55D57 /* LoginTableViewCell.swift in Sources */,
				E15338891DEC07E700D6ECDD /* SlideMenuController.swift in Sources */,
				E1E0FF1B1DE456BA00CA89B5 /* HTTPRestClient.swift in Sources */,
				E15338921DEC106800D6ECDD /* HelpViewController.swift in Sources */,
				E15338851DEC075E00D6ECDD /* UIColor.swift in Sources */,
				E153388F1DEC0E5B00D6ECDD /* BaseTableViewCell.swift in Sources */,
				E15338881DEC07E700D6ECDD /* MainViewController.swift in Sources */,
				E18FB6C41DD995740056004F /* LoginView.swift in Sources */,
				E1E0FF151DE4552500CA89B5 /* AccountManager.swift in Sources */,
				E1E0FF1D1DE45C1E00CA89B5 /* UserRouter.swift in Sources */,
				E15338941DEC10D000D6ECDD /* UIViewController.swift in Sources */,
				E1584C651DF6A6B300F927C4 /* ReusableTableViewCell.swift in Sources */,
				E18FB69B1DD990A70056004F /* AppDelegate.swift in Sources */,
				E10FE3121DE07BD600F55D57 /* Gradiant.swift in Sources */,
				E106CFCF1DE71BA300B24FCA /* RootJSON.swift in Sources */,
				E1E0FF181DE455BB00CA89B5 /* User.swift in Sources */,
				E15338831DEC070100D6ECDD /* String.swift in Sources */,
				E10FE3161DE0B9C900F55D57 /* Constants.swift in Sources */,
				E153389B1DEC12C700D6ECDD /* NonMenuController.swift in Sources */,
				E153388D1DEC0B5C00D6ECDD /* LeftViewController.swift in Sources */,
			);
			runOnlyForDeploymentPostprocessing = 0;
		};
		E18FB6AA1DD990A70056004F /* Sources */ = {
			isa = PBXSourcesBuildPhase;
			buildActionMask = 2147483647;
			files = (
				E18FB6B31DD990A70056004F /* ArtisticoTests.swift in Sources */,
			);
			runOnlyForDeploymentPostprocessing = 0;
		};
/* End PBXSourcesBuildPhase section */

/* Begin PBXTargetDependency section */
		E18FB6B01DD990A70056004F /* PBXTargetDependency */ = {
			isa = PBXTargetDependency;
			target = E18FB6961DD990A70056004F /* Artistico */;
			targetProxy = E18FB6AF1DD990A70056004F /* PBXContainerItemProxy */;
		};
/* End PBXTargetDependency section */

/* Begin PBXVariantGroup section */
		E18FB69E1DD990A70056004F /* Main.storyboard */ = {
			isa = PBXVariantGroup;
			children = (
				E18FB69F1DD990A70056004F /* Base */,
			);
			name = Main.storyboard;
			sourceTree = "<group>";
		};
		E18FB6A61DD990A70056004F /* LaunchScreen.storyboard */ = {
			isa = PBXVariantGroup;
			children = (
				E18FB6A71DD990A70056004F /* Base */,
			);
			name = LaunchScreen.storyboard;
			sourceTree = "<group>";
		};
/* End PBXVariantGroup section */

/* Begin XCBuildConfiguration section */
		E18FB6B51DD990A70056004F /* Debug */ = {
			isa = XCBuildConfiguration;
			buildSettings = {
				ALWAYS_SEARCH_USER_PATHS = NO;
				CLANG_ANALYZER_NONNULL = YES;
				CLANG_CXX_LANGUAGE_STANDARD = "gnu++0x";
				CLANG_CXX_LIBRARY = "libc++";
				CLANG_ENABLE_MODULES = YES;
				CLANG_ENABLE_OBJC_ARC = YES;
				CLANG_WARN_BOOL_CONVERSION = YES;
				CLANG_WARN_CONSTANT_CONVERSION = YES;
				CLANG_WARN_DIRECT_OBJC_ISA_USAGE = YES_ERROR;
				CLANG_WARN_DOCUMENTATION_COMMENTS = YES;
				CLANG_WARN_EMPTY_BODY = YES;
				CLANG_WARN_ENUM_CONVERSION = YES;
				CLANG_WARN_INFINITE_RECURSION = YES;
				CLANG_WARN_INT_CONVERSION = YES;
				CLANG_WARN_OBJC_ROOT_CLASS = YES_ERROR;
				CLANG_WARN_SUSPICIOUS_MOVES = YES;
				CLANG_WARN_UNREACHABLE_CODE = YES;
				CLANG_WARN__DUPLICATE_METHOD_MATCH = YES;
				"CODE_SIGN_IDENTITY[sdk=iphoneos*]" = "iPhone Developer";
				COPY_PHASE_STRIP = NO;
				DEBUG_INFORMATION_FORMAT = dwarf;
				ENABLE_STRICT_OBJC_MSGSEND = YES;
				ENABLE_TESTABILITY = YES;
				GCC_C_LANGUAGE_STANDARD = gnu99;
				GCC_DYNAMIC_NO_PIC = NO;
				GCC_NO_COMMON_BLOCKS = YES;
				GCC_OPTIMIZATION_LEVEL = 0;
				GCC_PREPROCESSOR_DEFINITIONS = (
					"DEBUG=1",
					"$(inherited)",
				);
				GCC_WARN_64_TO_32_BIT_CONVERSION = YES;
				GCC_WARN_ABOUT_RETURN_TYPE = YES_ERROR;
				GCC_WARN_UNDECLARED_SELECTOR = YES;
				GCC_WARN_UNINITIALIZED_AUTOS = YES_AGGRESSIVE;
				GCC_WARN_UNUSED_FUNCTION = YES;
				GCC_WARN_UNUSED_VARIABLE = YES;
				IPHONEOS_DEPLOYMENT_TARGET = 10.1;
				MTL_ENABLE_DEBUG_INFO = YES;
				ONLY_ACTIVE_ARCH = YES;
				SDKROOT = iphoneos;
				SWIFT_ACTIVE_COMPILATION_CONDITIONS = DEBUG;
				SWIFT_OPTIMIZATION_LEVEL = "-Onone";
				TARGETED_DEVICE_FAMILY = "1,2";
			};
			name = Debug;
		};
		E18FB6B61DD990A70056004F /* Release */ = {
			isa = XCBuildConfiguration;
			buildSettings = {
				ALWAYS_SEARCH_USER_PATHS = NO;
				CLANG_ANALYZER_NONNULL = YES;
				CLANG_CXX_LANGUAGE_STANDARD = "gnu++0x";
				CLANG_CXX_LIBRARY = "libc++";
				CLANG_ENABLE_MODULES = YES;
				CLANG_ENABLE_OBJC_ARC = YES;
				CLANG_WARN_BOOL_CONVERSION = YES;
				CLANG_WARN_CONSTANT_CONVERSION = YES;
				CLANG_WARN_DIRECT_OBJC_ISA_USAGE = YES_ERROR;
				CLANG_WARN_DOCUMENTATION_COMMENTS = YES;
				CLANG_WARN_EMPTY_BODY = YES;
				CLANG_WARN_ENUM_CONVERSION = YES;
				CLANG_WARN_INFINITE_RECURSION = YES;
				CLANG_WARN_INT_CONVERSION = YES;
				CLANG_WARN_OBJC_ROOT_CLASS = YES_ERROR;
				CLANG_WARN_SUSPICIOUS_MOVES = YES;
				CLANG_WARN_UNREACHABLE_CODE = YES;
				CLANG_WARN__DUPLICATE_METHOD_MATCH = YES;
				"CODE_SIGN_IDENTITY[sdk=iphoneos*]" = "iPhone Developer";
				COPY_PHASE_STRIP = NO;
				DEBUG_INFORMATION_FORMAT = "dwarf-with-dsym";
				ENABLE_NS_ASSERTIONS = NO;
				ENABLE_STRICT_OBJC_MSGSEND = YES;
				GCC_C_LANGUAGE_STANDARD = gnu99;
				GCC_NO_COMMON_BLOCKS = YES;
				GCC_WARN_64_TO_32_BIT_CONVERSION = YES;
				GCC_WARN_ABOUT_RETURN_TYPE = YES_ERROR;
				GCC_WARN_UNDECLARED_SELECTOR = YES;
				GCC_WARN_UNINITIALIZED_AUTOS = YES_AGGRESSIVE;
				GCC_WARN_UNUSED_FUNCTION = YES;
				GCC_WARN_UNUSED_VARIABLE = YES;
				IPHONEOS_DEPLOYMENT_TARGET = 10.1;
				MTL_ENABLE_DEBUG_INFO = NO;
				SDKROOT = iphoneos;
				SWIFT_OPTIMIZATION_LEVEL = "-Owholemodule";
				TARGETED_DEVICE_FAMILY = "1,2";
				VALIDATE_PRODUCT = YES;
			};
			name = Release;
		};
		E18FB6B81DD990A70056004F /* Debug */ = {
			isa = XCBuildConfiguration;
			baseConfigurationReference = 16C46A9AE6231A034F7C25C5 /* Pods-Artistico.debug.xcconfig */;
			buildSettings = {
				ASSETCATALOG_COMPILER_APPICON_NAME = AppIcon;
				CODE_SIGN_ENTITLEMENTS = Artistico/Artistico.entitlements;
				DEVELOPMENT_TEAM = 5BG2HHAW9A;
				INFOPLIST_FILE = Artistico/Info.plist;
				LD_RUNPATH_SEARCH_PATHS = "$(inherited) @executable_path/Frameworks";
				PRODUCT_BUNDLE_IDENTIFIER = HM.Artistico;
				PRODUCT_NAME = "$(TARGET_NAME)";
				SWIFT_VERSION = 3.0;
			};
			name = Debug;
		};
		E18FB6B91DD990A70056004F /* Release */ = {
			isa = XCBuildConfiguration;
			baseConfigurationReference = C9FCDD8A72BE59DEBD8A8494 /* Pods-Artistico.release.xcconfig */;
			buildSettings = {
				ASSETCATALOG_COMPILER_APPICON_NAME = AppIcon;
				CODE_SIGN_ENTITLEMENTS = Artistico/Artistico.entitlements;
				DEVELOPMENT_TEAM = 5BG2HHAW9A;
				INFOPLIST_FILE = Artistico/Info.plist;
				LD_RUNPATH_SEARCH_PATHS = "$(inherited) @executable_path/Frameworks";
				PRODUCT_BUNDLE_IDENTIFIER = HM.Artistico;
				PRODUCT_NAME = "$(TARGET_NAME)";
				SWIFT_VERSION = 3.0;
			};
			name = Release;
		};
		E18FB6BB1DD990A70056004F /* Debug */ = {
			isa = XCBuildConfiguration;
			baseConfigurationReference = 72EB938547D59230101F4B35 /* Pods-ArtisticoTests.debug.xcconfig */;
			buildSettings = {
				ALWAYS_EMBED_SWIFT_STANDARD_LIBRARIES = YES;
				BUNDLE_LOADER = "$(TEST_HOST)";
				INFOPLIST_FILE = ArtisticoTests/Info.plist;
				LD_RUNPATH_SEARCH_PATHS = "$(inherited) @executable_path/Frameworks @loader_path/Frameworks";
				PRODUCT_BUNDLE_IDENTIFIER = HM.ArtisticoTests;
				PRODUCT_NAME = "$(TARGET_NAME)";
				SWIFT_VERSION = 3.0;
				TEST_HOST = "$(BUILT_PRODUCTS_DIR)/Artistico.app/Artistico";
			};
			name = Debug;
		};
		E18FB6BC1DD990A70056004F /* Release */ = {
			isa = XCBuildConfiguration;
			baseConfigurationReference = AB1CFCCCEF2DC5B3D09DAE7C /* Pods-ArtisticoTests.release.xcconfig */;
			buildSettings = {
				ALWAYS_EMBED_SWIFT_STANDARD_LIBRARIES = YES;
				BUNDLE_LOADER = "$(TEST_HOST)";
				INFOPLIST_FILE = ArtisticoTests/Info.plist;
				LD_RUNPATH_SEARCH_PATHS = "$(inherited) @executable_path/Frameworks @loader_path/Frameworks";
				PRODUCT_BUNDLE_IDENTIFIER = HM.ArtisticoTests;
				PRODUCT_NAME = "$(TARGET_NAME)";
				SWIFT_VERSION = 3.0;
				TEST_HOST = "$(BUILT_PRODUCTS_DIR)/Artistico.app/Artistico";
			};
			name = Release;
		};
/* End XCBuildConfiguration section */

/* Begin XCConfigurationList section */
		E18FB6921DD990A70056004F /* Build configuration list for PBXProject "Artistico" */ = {
			isa = XCConfigurationList;
			buildConfigurations = (
				E18FB6B51DD990A70056004F /* Debug */,
				E18FB6B61DD990A70056004F /* Release */,
			);
			defaultConfigurationIsVisible = 0;
			defaultConfigurationName = Release;
		};
		E18FB6B71DD990A70056004F /* Build configuration list for PBXNativeTarget "Artistico" */ = {
			isa = XCConfigurationList;
			buildConfigurations = (
				E18FB6B81DD990A70056004F /* Debug */,
				E18FB6B91DD990A70056004F /* Release */,
			);
			defaultConfigurationIsVisible = 0;
			defaultConfigurationName = Release;
		};
		E18FB6BA1DD990A70056004F /* Build configuration list for PBXNativeTarget "ArtisticoTests" */ = {
			isa = XCConfigurationList;
			buildConfigurations = (
				E18FB6BB1DD990A70056004F /* Debug */,
				E18FB6BC1DD990A70056004F /* Release */,
			);
			defaultConfigurationIsVisible = 0;
			defaultConfigurationName = Release;
		};
/* End XCConfigurationList section */

/* Begin XCVersionGroup section */
		E18FB6A11DD990A70056004F /* Artistico.xcdatamodeld */ = {
			isa = XCVersionGroup;
			children = (
				E18FB6A21DD990A70056004F /* Artistico.xcdatamodel */,
			);
			currentVersion = E18FB6A21DD990A70056004F /* Artistico.xcdatamodel */;
			path = Artistico.xcdatamodeld;
			sourceTree = "<group>";
			versionGroupType = wrapper.xcdatamodel;
		};
/* End XCVersionGroup section */
	};
	rootObject = E18FB68F1DD990A70056004F /* Project object */;
}
